
Microsoft Visual Studio Solution File, Format Version 12.00
# Visual Studio Version 17
VisualStudioVersion = 17.6.33815.320
MinimumVisualStudioVersion = 10.0.40219.1
Project("{FAE04EC0-301F-11D3-BF4B-00C04F79EFBC}") = "OutOfBoxAuthBlazorApp", "OutOfBoxAuthBlazorApp\OutOfBoxAuthBlazorApp.csproj", "{3D468E61-8990-41BC-BDD4-D9B71196085F}"
EndProject
Global
	GlobalSection(SolutionConfigurationPlatforms) = preSolution
		Debug|Any CPU = Debug|Any CPU
		Release|Any CPU = Release|Any CPU
	EndGlobalSection
	GlobalSection(ProjectConfigurationPlatforms) = postSolution
		{3D468E61-8990-41BC-BDD4-D9B71196085F}.Debug|Any CPU.ActiveCfg = Debug|Any CPU
		{3D468E61-8990-41BC-BDD4-D9B71196085F}.Debug|Any CPU.Build.0 = Debug|Any CPU
		{3D468E61-8990-41BC-BDD4-D9B71196085F}.Release|Any CPU.ActiveCfg = Release|Any CPU
		{3D468E61-8990-41BC-BDD4-D9B71196085F}.Release|Any CPU.Build.0 = Release|Any CPU
	EndGlobalSection
	GlobalSection(SolutionProperties) = preSolution
		HideSolutionNode = FALSE
	EndGlobalSection
	GlobalSection(ExtensibilityGlobals) = postSolution
		SolutionGuid = {36E8A080-D79E-478B-BDEE-53BFFDEB2005}
	EndGlobalSection
EndGlobal
